
Microsoft Visual Studio Solution File, Format Version 12.00
# Visual Studio Version 17
VisualStudioVersion = 17.5.33530.505
MinimumVisualStudioVersion = 10.0.40219.1
Project("{8BC9CEB8-8B4A-11D0-8D11-00A0C91BC942}") = "BOJ_15666", "BOJ_15666.vcxproj", "{325DC827-AC82-474B-B6D2-3FBDC7204249}"
EndProject
Global
	GlobalSection(SolutionConfigurationPlatforms) = preSolution
		Debug|x64 = Debug|x64
		Release|x64 = Release|x64
	EndGlobalSection
	GlobalSection(ProjectConfigurationPlatforms) = postSolution
		{325DC827-AC82-474B-B6D2-3FBDC7204249}.Debug|x64.ActiveCfg = Debug|x64
		{325DC827-AC82-474B-B6D2-3FBDC7204249}.Debug|x64.Build.0 = Debug|x64
		{325DC827-AC82-474B-B6D2-3FBDC7204249}.Release|x64.ActiveCfg = Release|x64
		{325DC827-AC82-474B-B6D2-3FBDC7204249}.Release|x64.Build.0 = Release|x64
	EndGlobalSection
	GlobalSection(SolutionProperties) = preSolution
		HideSolutionNode = FALSE
	EndGlobalSection
	GlobalSection(ExtensibilityGlobals) = postSolution
		SolutionGuid = {C034AA38-61F6-468B-8DC1-652149885D39}
	EndGlobalSection
EndGlobal
